version = 1
revision = 2
requires-python = ">=3.10"

[[package]]
name = "tree-sitter"
version = "0.24.0"
source = { registry = "https://confluent-519856050701.d.codeartifact.us-west-2.amazonaws.com/pypi/pypi/simple/" }
sdist = { url = "https://confluent-519856050701.d.codeartifact.us-west-2.amazonaws.com/pypi/pypi/simple/tree-sitter/0.24.0/tree-sitter-0.24.0.tar.gz", hash = "sha256:abd95af65ca2f4f7eca356343391ed669e764f37748b5352946f00f7fc78e734" }
wheels = [
    { url = "https://confluent-519856050701.d.codeartifact.us-west-2.amazonaws.com/pypi/pypi/simple/tree-sitter/0.24.0/tree_sitter-0.24.0-cp310-cp310-macosx_10_9_x86_64.whl", hash = "sha256:f3f00feff1fc47a8e4863561b8da8f5e023d382dd31ed3e43cd11d4cae445445" },
    { url = "https://confluent-519856050701.d.codeartifact.us-west-2.amazonaws.com/pypi/pypi/simple/tree-sitter/0.24.0/tree_sitter-0.24.0-cp310-cp310-macosx_11_0_arm64.whl", hash = "sha256:f9691be48d98c49ef8f498460278884c666b44129222ed6217477dffad5d4831" },
    { url = "https://confluent-519856050701.d.codeartifact.us-west-2.amazonaws.com/pypi/pypi/simple/tree-sitter/0.24.0/tree_sitter-0.24.0-cp310-cp310-manylinux_2_17_aarch64.manylinux2014_aarch64.whl", hash = "sha256:098a81df9f89cf254d92c1cd0660a838593f85d7505b28249216661d87adde4a" },
    { url = "https://confluent-519856050701.d.codeartifact.us-west-2.amazonaws.com/pypi/pypi/simple/tree-sitter/0.24.0/tree_sitter-0.24.0-cp310-cp310-manylinux_2_17_x86_64.manylinux2014_x86_64.whl", hash = "sha256:0b26bf9e958da6eb7e74a081aab9d9c7d05f9baeaa830dbb67481898fd16f1f5" },
    { url = "https://confluent-519856050701.d.codeartifact.us-west-2.amazonaws.com/pypi/pypi/simple/tree-sitter/0.24.0/tree_sitter-0.24.0-cp310-cp310-musllinux_1_2_x86_64.whl", hash = "sha256:2a84ff87a2f2a008867a1064aba510ab3bd608e3e0cd6e8fef0379efee266c73" },
    { url = "https://confluent-519856050701.d.codeartifact.us-west-2.amazonaws.com/pypi/pypi/simple/tree-sitter/0.24.0/tree_sitter-0.24.0-cp310-cp310-win_amd64.whl", hash = "sha256:c012e4c345c57a95d92ab5a890c637aaa51ab3b7ff25ed7069834b1087361c95" },
    { url = "https://confluent-519856050701.d.codeartifact.us-west-2.amazonaws.com/pypi/pypi/simple/tree-sitter/0.24.0/tree_sitter-0.24.0-cp310-cp310-win_arm64.whl", hash = "sha256:033506c1bc2ba7bd559b23a6bdbeaf1127cee3c68a094b82396718596dfe98bc" },
    { url = "https://confluent-519856050701.d.codeartifact.us-west-2.amazonaws.com/pypi/pypi/simple/tree-sitter/0.24.0/tree_sitter-0.24.0-cp311-cp311-macosx_10_9_x86_64.whl", hash = "sha256:de0fb7c18c6068cacff46250c0a0473e8fc74d673e3e86555f131c2c1346fb13" },
    { url = "https://confluent-519856050701.d.codeartifact.us-west-2.amazonaws.com/pypi/pypi/simple/tree-sitter/0.24.0/tree_sitter-0.24.0-cp311-cp311-macosx_11_0_arm64.whl", hash = "sha256:a7c9c89666dea2ce2b2bf98e75f429d2876c569fab966afefdcd71974c6d8538" },
    { url = "https://confluent-519856050701.d.codeartifact.us-west-2.amazonaws.com/pypi/pypi/simple/tree-sitter/0.24.0/tree_sitter-0.24.0-cp311-cp311-manylinux_2_17_aarch64.manylinux2014_aarch64.whl", hash = "sha256:4ddb113e6b8b3e3b199695b1492a47d87d06c538e63050823d90ef13cac585fd" },
    { url = "https://confluent-519856050701.d.codeartifact.us-west-2.amazonaws.com/pypi/pypi/simple/tree-sitter/0.24.0/tree_sitter-0.24.0-cp311-cp311-manylinux_2_17_x86_64.manylinux2014_x86_64.whl", hash = "sha256:01ea01a7003b88b92f7f875da6ba9d5d741e0c84bb1bd92c503c0eecd0ee6409" },
    { url = "https://confluent-519856050701.d.codeartifact.us-west-2.amazonaws.com/pypi/pypi/simple/tree-sitter/0.24.0/tree_sitter-0.24.0-cp311-cp311-musllinux_1_2_x86_64.whl", hash = "sha256:464fa5b2cac63608915a9de8a6efd67a4da1929e603ea86abaeae2cb1fe89921" },
    { url = "https://confluent-519856050701.d.codeartifact.us-west-2.amazonaws.com/pypi/pypi/simple/tree-sitter/0.24.0/tree_sitter-0.24.0-cp311-cp311-win_amd64.whl", hash = "sha256:3b1f3cbd9700e1fba0be2e7d801527e37c49fc02dc140714669144ef6ab58dce" },
    { url = "https://confluent-519856050701.d.codeartifact.us-west-2.amazonaws.com/pypi/pypi/simple/tree-sitter/0.24.0/tree_sitter-0.24.0-cp311-cp311-win_arm64.whl", hash = "sha256:f3f08a2ca9f600b3758792ba2406971665ffbad810847398d180c48cee174ee2" },
    { url = "https://confluent-519856050701.d.codeartifact.us-west-2.amazonaws.com/pypi/pypi/simple/tree-sitter/0.24.0/tree_sitter-0.24.0-cp312-cp312-macosx_10_13_x86_64.whl", hash = "sha256:14beeff5f11e223c37be7d5d119819880601a80d0399abe8c738ae2288804afc" },
    { url = "https://confluent-519856050701.d.codeartifact.us-west-2.amazonaws.com/pypi/pypi/simple/tree-sitter/0.24.0/tree_sitter-0.24.0-cp312-cp312-macosx_11_0_arm64.whl", hash = "sha256:26a5b130f70d5925d67b47db314da209063664585a2fd36fa69e0717738efaf4" },
    { url = "https://confluent-519856050701.d.codeartifact.us-west-2.amazonaws.com/pypi/pypi/simple/tree-sitter/0.24.0/tree_sitter-0.24.0-cp312-cp312-manylinux_2_17_aarch64.manylinux2014_aarch64.whl", hash = "sha256:5fc5c3c26d83c9d0ecb4fc4304fba35f034b7761d35286b936c1db1217558b4e" },
    { url = "https://confluent-519856050701.d.codeartifact.us-west-2.amazonaws.com/pypi/pypi/simple/tree-sitter/0.24.0/tree_sitter-0.24.0-cp312-cp312-manylinux_2_17_x86_64.manylinux2014_x86_64.whl", hash = "sha256:772e1bd8c0931c866b848d0369b32218ac97c24b04790ec4b0e409901945dd8e" },
    { url = "https://confluent-519856050701.d.codeartifact.us-west-2.amazonaws.com/pypi/pypi/simple/tree-sitter/0.24.0/tree_sitter-0.24.0-cp312-cp312-musllinux_1_2_x86_64.whl", hash = "sha256:24a8dd03b0d6b8812425f3b84d2f4763322684e38baf74e5bb766128b5633dc7" },
    { url = "https://confluent-519856050701.d.codeartifact.us-west-2.amazonaws.com/pypi/pypi/simple/tree-sitter/0.24.0/tree_sitter-0.24.0-cp312-cp312-win_amd64.whl", hash = "sha256:f9e8b1605ab60ed43803100f067eed71b0b0e6c1fb9860a262727dbfbbb74751" },
    { url = "https://confluent-519856050701.d.codeartifact.us-west-2.amazonaws.com/pypi/pypi/simple/tree-sitter/0.24.0/tree_sitter-0.24.0-cp312-cp312-win_arm64.whl", hash = "sha256:f733a83d8355fc95561582b66bbea92ffd365c5d7a665bc9ebd25e049c2b2abb" },
    { url = "https://confluent-519856050701.d.codeartifact.us-west-2.amazonaws.com/pypi/pypi/simple/tree-sitter/0.24.0/tree_sitter-0.24.0-cp313-cp313-macosx_10_13_x86_64.whl", hash = "sha256:0d4a6416ed421c4210f0ca405a4834d5ccfbb8ad6692d4d74f7773ef68f92071" },
    { url = "https://confluent-519856050701.d.codeartifact.us-west-2.amazonaws.com/pypi/pypi/simple/tree-sitter/0.24.0/tree_sitter-0.24.0-cp313-cp313-macosx_11_0_arm64.whl", hash = "sha256:e0992d483677e71d5c5d37f30dfb2e3afec2f932a9c53eec4fca13869b788c6c" },
    { url = "https://confluent-519856050701.d.codeartifact.us-west-2.amazonaws.com/pypi/pypi/simple/tree-sitter/0.24.0/tree_sitter-0.24.0-cp313-cp313-manylinux_2_17_aarch64.manylinux2014_aarch64.whl", hash = "sha256:57277a12fbcefb1c8b206186068d456c600dbfbc3fd6c76968ee22614c5cd5ad" },
    { url = "https://confluent-519856050701.d.codeartifact.us-west-2.amazonaws.com/pypi/pypi/simple/tree-sitter/0.24.0/tree_sitter-0.24.0-cp313-cp313-manylinux_2_17_x86_64.manylinux2014_x86_64.whl", hash = "sha256:d25fa22766d63f73716c6fec1a31ee5cf904aa429484256bd5fdf5259051ed74" },
    { url = "https://confluent-519856050701.d.codeartifact.us-west-2.amazonaws.com/pypi/pypi/simple/tree-sitter/0.24.0/tree_sitter-0.24.0-cp313-cp313-musllinux_1_2_x86_64.whl", hash = "sha256:7d5d9537507e1c8c5fa9935b34f320bfec4114d675e028f3ad94f11cf9db37b9" },
    { url = "https://confluent-519856050701.d.codeartifact.us-west-2.amazonaws.com/pypi/pypi/simple/tree-sitter/0.24.0/tree_sitter-0.24.0-cp313-cp313-win_amd64.whl", hash = "sha256:f58bb4956917715ec4d5a28681829a8dad5c342cafd4aea269f9132a83ca9b34" },
    { url = "https://confluent-519856050701.d.codeartifact.us-west-2.amazonaws.com/pypi/pypi/simple/tree-sitter/0.24.0/tree_sitter-0.24.0-cp313-cp313-win_arm64.whl", hash = "sha256:23641bd25dcd4bb0b6fa91b8fb3f46cc9f1c9f475efe4d536d3f1f688d1b84c8" },
]

[[package]]
name = "tree-sitter-hcl"
version = "1.1.0"
source = { editable = "." }

[package.optional-dependencies]
core = [
    { name = "tree-sitter" },
]

[package.metadata]
requires-dist = [{ name = "tree-sitter", marker = "extra == 'core'", specifier = "~=0.24" }]
provides-extras = ["core"]
